
Microsoft Visual Studio Solution File, Format Version 12.00
# Visual Studio Version 17
VisualStudioVersion = 17.8.34316.72
MinimumVisualStudioVersion = 10.0.40219.1
Project("{FAE04EC0-301F-11D3-BF4B-00C04F79EFBC}") = "ValidacaoValores", "ValidacaoValores.csproj", "{463AF594-9997-46D2-842E-BEE838016049}"
EndProject
Global
	GlobalSection(SolutionConfigurationPlatforms) = preSolution
		Debug|Any CPU = Debug|Any CPU
		Release|Any CPU = Release|Any CPU
	EndGlobalSection
	GlobalSection(ProjectConfigurationPlatforms) = postSolution
		{463AF594-9997-46D2-842E-BEE838016049}.Debug|Any CPU.ActiveCfg = Debug|Any CPU
		{463AF594-9997-46D2-842E-BEE838016049}.Debug|Any CPU.Build.0 = Debug|Any CPU
		{463AF594-9997-46D2-842E-BEE838016049}.Release|Any CPU.ActiveCfg = Release|Any CPU
		{463AF594-9997-46D2-842E-BEE838016049}.Release|Any CPU.Build.0 = Release|Any CPU
	EndGlobalSection
	GlobalSection(SolutionProperties) = preSolution
		HideSolutionNode = FALSE
	EndGlobalSection
	GlobalSection(ExtensibilityGlobals) = postSolution
		SolutionGuid = {FE3150FF-C4C0-4AD0-9717-E64F301BEBD2}
	EndGlobalSection
EndGlobal
