
Microsoft Visual Studio Solution File, Format Version 12.00
# Visual Studio Version 17
VisualStudioVersion = 17.7.34221.43
MinimumVisualStudioVersion = 10.0.40219.1
Project("{FAE04EC0-301F-11D3-BF4B-00C04F79EFBC}") = "lerIdade", "lerIdade.csproj", "{700BCA05-4E21-40F2-A455-E73A28FFB55C}"
EndProject
Global
	GlobalSection(SolutionConfigurationPlatforms) = preSolution
		Debug|Any CPU = Debug|Any CPU
		Release|Any CPU = Release|Any CPU
	EndGlobalSection
	GlobalSection(ProjectConfigurationPlatforms) = postSolution
		{700BCA05-4E21-40F2-A455-E73A28FFB55C}.Debug|Any CPU.ActiveCfg = Debug|Any CPU
		{700BCA05-4E21-40F2-A455-E73A28FFB55C}.Debug|Any CPU.Build.0 = Debug|Any CPU
		{700BCA05-4E21-40F2-A455-E73A28FFB55C}.Release|Any CPU.ActiveCfg = Release|Any CPU
		{700BCA05-4E21-40F2-A455-E73A28FFB55C}.Release|Any CPU.Build.0 = Release|Any CPU
	EndGlobalSection
	GlobalSection(SolutionProperties) = preSolution
		HideSolutionNode = FALSE
	EndGlobalSection
	GlobalSection(ExtensibilityGlobals) = postSolution
		SolutionGuid = {6BBEA7D4-0D84-44CF-B5C9-D396F8AA7889}
	EndGlobalSection
EndGlobal
