
Microsoft Visual Studio Solution File, Format Version 12.00
# Visual Studio Version 17
VisualStudioVersion = 17.7.34221.43
MinimumVisualStudioVersion = 10.0.40219.1
Project("{FAE04EC0-301F-11D3-BF4B-00C04F79EFBC}") = "conversorTemperatura", "conversorTemperatura.csproj", "{B2083D9D-A440-4AAF-9B05-E3CC54838C88}"
EndProject
Global
	GlobalSection(SolutionConfigurationPlatforms) = preSolution
		Debug|Any CPU = Debug|Any CPU
		Release|Any CPU = Release|Any CPU
	EndGlobalSection
	GlobalSection(ProjectConfigurationPlatforms) = postSolution
		{B2083D9D-A440-4AAF-9B05-E3CC54838C88}.Debug|Any CPU.ActiveCfg = Debug|Any CPU
		{B2083D9D-A440-4AAF-9B05-E3CC54838C88}.Debug|Any CPU.Build.0 = Debug|Any CPU
		{B2083D9D-A440-4AAF-9B05-E3CC54838C88}.Release|Any CPU.ActiveCfg = Release|Any CPU
		{B2083D9D-A440-4AAF-9B05-E3CC54838C88}.Release|Any CPU.Build.0 = Release|Any CPU
	EndGlobalSection
	GlobalSection(SolutionProperties) = preSolution
		HideSolutionNode = FALSE
	EndGlobalSection
	GlobalSection(ExtensibilityGlobals) = postSolution
		SolutionGuid = {7AF550C8-F9A9-4BD1-97AF-6491ACF3D384}
	EndGlobalSection
EndGlobal
