
Microsoft Visual Studio Solution File, Format Version 12.00
# Visual Studio Version 17
VisualStudioVersion = 17.8.34316.72
MinimumVisualStudioVersion = 10.0.40219.1
Project("{FAE04EC0-301F-11D3-BF4B-00C04F79EFBC}") = "validaCodigo", "validaCodigo.csproj", "{EEE0914B-7704-49B7-8A43-BC5B2990EDA1}"
EndProject
Global
	GlobalSection(SolutionConfigurationPlatforms) = preSolution
		Debug|Any CPU = Debug|Any CPU
		Release|Any CPU = Release|Any CPU
	EndGlobalSection
	GlobalSection(ProjectConfigurationPlatforms) = postSolution
		{EEE0914B-7704-49B7-8A43-BC5B2990EDA1}.Debug|Any CPU.ActiveCfg = Debug|Any CPU
		{EEE0914B-7704-49B7-8A43-BC5B2990EDA1}.Debug|Any CPU.Build.0 = Debug|Any CPU
		{EEE0914B-7704-49B7-8A43-BC5B2990EDA1}.Release|Any CPU.ActiveCfg = Release|Any CPU
		{EEE0914B-7704-49B7-8A43-BC5B2990EDA1}.Release|Any CPU.Build.0 = Release|Any CPU
	EndGlobalSection
	GlobalSection(SolutionProperties) = preSolution
		HideSolutionNode = FALSE
	EndGlobalSection
	GlobalSection(ExtensibilityGlobals) = postSolution
		SolutionGuid = {83F478DB-01A9-440A-AC82-632BC8ECA37B}
	EndGlobalSection
EndGlobal
