
Microsoft Visual Studio Solution File, Format Version 12.00
# Visual Studio Version 17
VisualStudioVersion = 17.8.34316.72
MinimumVisualStudioVersion = 10.0.40219.1
Project("{FAE04EC0-301F-11D3-BF4B-00C04F79EFBC}") = "Triangulo", "Triangulo.csproj", "{851C0F25-27B6-4E07-B446-47BBE8A4780E}"
EndProject
Global
	GlobalSection(SolutionConfigurationPlatforms) = preSolution
		Debug|Any CPU = Debug|Any CPU
		Release|Any CPU = Release|Any CPU
	EndGlobalSection
	GlobalSection(ProjectConfigurationPlatforms) = postSolution
		{851C0F25-27B6-4E07-B446-47BBE8A4780E}.Debug|Any CPU.ActiveCfg = Debug|Any CPU
		{851C0F25-27B6-4E07-B446-47BBE8A4780E}.Debug|Any CPU.Build.0 = Debug|Any CPU
		{851C0F25-27B6-4E07-B446-47BBE8A4780E}.Release|Any CPU.ActiveCfg = Release|Any CPU
		{851C0F25-27B6-4E07-B446-47BBE8A4780E}.Release|Any CPU.Build.0 = Release|Any CPU
	EndGlobalSection
	GlobalSection(SolutionProperties) = preSolution
		HideSolutionNode = FALSE
	EndGlobalSection
	GlobalSection(ExtensibilityGlobals) = postSolution
		SolutionGuid = {2AD23BF0-F352-477B-9C2A-DC4468EC279B}
	EndGlobalSection
EndGlobal
